
Microsoft Visual Studio Solution File, Format Version 12.00
# Visual Studio Version 16
VisualStudioVersion = 16.0.30621.155
MinimumVisualStudioVersion = 10.0.40219.1
Project("{F2A71F9B-5D33-465A-A702-920D77279786}") = "AdventOfCode2020", "AdventOfCode2020\AdventOfCode2020.fsproj", "{89482E5B-7C94-4684-8DF6-B553F095727A}"
EndProject
Global
	GlobalSection(SolutionConfigurationPlatforms) = preSolution
		Debug|Any CPU = Debug|Any CPU
		Release|Any CPU = Release|Any CPU
	EndGlobalSection
	GlobalSection(ProjectConfigurationPlatforms) = postSolution
		{8C0EFACA-ADC8-4E39-A84C-1EFCE232ACC0}.Debug|Any CPU.ActiveCfg = Debug|Any CPU
		{8C0EFACA-ADC8-4E39-A84C-1EFCE232ACC0}.Debug|Any CPU.Build.0 = Debug|Any CPU
		{8C0EFACA-ADC8-4E39-A84C-1EFCE232ACC0}.Release|Any CPU.ActiveCfg = Release|Any CPU
		{8C0EFACA-ADC8-4E39-A84C-1EFCE232ACC0}.Release|Any CPU.Build.0 = Release|Any CPU
		{89482E5B-7C94-4684-8DF6-B553F095727A}.Debug|Any CPU.ActiveCfg = Debug|Any CPU
		{89482E5B-7C94-4684-8DF6-B553F095727A}.Debug|Any CPU.Build.0 = Debug|Any CPU
		{89482E5B-7C94-4684-8DF6-B553F095727A}.Release|Any CPU.ActiveCfg = Release|Any CPU
		{89482E5B-7C94-4684-8DF6-B553F095727A}.Release|Any CPU.Build.0 = Release|Any CPU
	EndGlobalSection
	GlobalSection(SolutionProperties) = preSolution
		HideSolutionNode = FALSE
	EndGlobalSection
	GlobalSection(ExtensibilityGlobals) = postSolution
		SolutionGuid = {921FA18B-A82E-4FE5-AC3C-EE58F62DE691}
	EndGlobalSection
EndGlobal
